{
  "requires": true,
  "lockfileVersion": 1,
  "dependencies": {
    "ng2-search-filter": {
      "version": "0.5.1",
      "resolved": "https://registry.npmjs.org/ng2-search-filter/-/ng2-search-filter-0.5.1.tgz",
      "integrity": "sha512-noN8R+Gyxo5ZuboEOvq+u0zKio6pEf1IVYQTCZfAfXm6ONmzWu/M2xK0di9oVUprDbPBQXCGUuvD5i2GD+35HA=="
    },
    "ngx-pagination": {
      "version": "5.1.1",
      "resolved": "https://registry.npmjs.org/ngx-pagination/-/ngx-pagination-5.1.1.tgz",
      "integrity": "sha512-KxHES+Dn6pbetytO9ng2GAdclmo4UcwzFmQyVPWh2xRPbAlv5/ezL2xnDVBFMqCoJQaZagvdQ+ZZFbqGWqAvCQ=="
    },
    "ngx-toastr": {
      "version": "14.2.1",
      "resolved": "https://registry.npmjs.org/ngx-toastr/-/ngx-toastr-14.2.1.tgz",
      "integrity": "sha512-1Kq//y8tTgglUYKHIziZwpo4R7fe4/neidcxfbAXzXtcViSjT4Z21Vgqn/inoBlwoc7E9qXQDuZoJr2lanCgGA==",
      "requires": {
        "tslib": "^2.3.0"
      }
    },
    "tslib": {
      "version": "2.3.1",
      "resolved": "https://registry.npmjs.org/tslib/-/tslib-2.3.1.tgz",
      "integrity": "sha512-77EbyPPpMz+FRFRuAFlWMtmgUWGe9UOG2Z25NqCwiIjRhOf5iKGuzSe5P2w1laq+FkRy4p+PCuVkJSGkzTEKVw=="
    }
  }
}
